
Microsoft Visual Studio Solution File, Format Version 12.00
# Visual Studio Version 17
VisualStudioVersion = 17.9.34714.143
MinimumVisualStudioVersion = 10.0.40219.1
Project("{9A19103F-16F7-4668-BE54-9A1E7A4F7556}") = "DocumentArchivingSystem", "DocumentArchivingSystem\DocumentArchivingSystem.csproj", "{B54E1957-1F4A-446F-AC2B-55F54CD039B3}"
EndProject
Project("{FAE04EC0-301F-11D3-BF4B-00C04F79EFBC}") = "Library", "Library\Library.csproj", "{A35DA13E-698E-4B65-970B-774EAECF0350}"
EndProject
Global
	GlobalSection(SolutionConfigurationPlatforms) = preSolution
		Debug|Any CPU = Debug|Any CPU
		Release|Any CPU = Release|Any CPU
	EndGlobalSection
	GlobalSection(ProjectConfigurationPlatforms) = postSolution
		{B54E1957-1F4A-446F-AC2B-55F54CD039B3}.Debug|Any CPU.ActiveCfg = Debug|Any CPU
		{B54E1957-1F4A-446F-AC2B-55F54CD039B3}.Debug|Any CPU.Build.0 = Debug|Any CPU
		{B54E1957-1F4A-446F-AC2B-55F54CD039B3}.Release|Any CPU.ActiveCfg = Release|Any CPU
		{B54E1957-1F4A-446F-AC2B-55F54CD039B3}.Release|Any CPU.Build.0 = Release|Any CPU
		{A35DA13E-698E-4B65-970B-774EAECF0350}.Debug|Any CPU.ActiveCfg = Debug|Any CPU
		{A35DA13E-698E-4B65-970B-774EAECF0350}.Debug|Any CPU.Build.0 = Debug|Any CPU
		{A35DA13E-698E-4B65-970B-774EAECF0350}.Release|Any CPU.ActiveCfg = Release|Any CPU
		{A35DA13E-698E-4B65-970B-774EAECF0350}.Release|Any CPU.Build.0 = Release|Any CPU
	EndGlobalSection
	GlobalSection(SolutionProperties) = preSolution
		HideSolutionNode = FALSE
	EndGlobalSection
	GlobalSection(ExtensibilityGlobals) = postSolution
		SolutionGuid = {18345811-C402-45B1-B84F-7A584A6A82E9}
	EndGlobalSection
EndGlobal
